// !$*UTF8*$!
{
	archiveVersion = 1;
	classes = {
	};
	objectVersion = 55;
	objects = {

/* Begin PBXBuildFile section */
		57C4C8722850A28C00A6711D /* AppDelegate.swift in Sources */ = {isa = PBXBuildFile; fileRef = 57C4C8712850A28C00A6711D /* AppDelegate.swift */; };
		57C4C8742850A28C00A6711D /* SceneDelegate.swift in Sources */ = {isa = PBXBuildFile; fileRef = 57C4C8732850A28C00A6711D /* SceneDelegate.swift */; };
		57C4C8762850A28C00A6711D /* MainTabBarViewController.swift in Sources */ = {isa = PBXBuildFile; fileRef = 57C4C8752850A28C00A6711D /* MainTabBarViewController.swift */; };
		57C4C87B2850A28E00A6711D /* Assets.xcassets in Resources */ = {isa = PBXBuildFile; fileRef = 57C4C87A2850A28E00A6711D /* Assets.xcassets */; };
		57C4C87E2850A28E00A6711D /* LaunchScreen.storyboard in Resources */ = {isa = PBXBuildFile; fileRef = 57C4C87C2850A28E00A6711D /* LaunchScreen.storyboard */; };
		57C4C8872850A41C00A6711D /* HomeViewController.swift in Sources */ = {isa = PBXBuildFile; fileRef = 57C4C8862850A41C00A6711D /* HomeViewController.swift */; };
		57C4C8892850A43B00A6711D /* UpcomingViewController.swift in Sources */ = {isa = PBXBuildFile; fileRef = 57C4C8882850A43B00A6711D /* UpcomingViewController.swift */; };
		57C4C88C2850A48F00A6711D /* SearchViewController.swift in Sources */ = {isa = PBXBuildFile; fileRef = 57C4C88B2850A48F00A6711D /* SearchViewController.swift */; };
		57C4C88E2850A4BE00A6711D /* DownloadsViewController.swift in Sources */ = {isa = PBXBuildFile; fileRef = 57C4C88D2850A4BE00A6711D /* DownloadsViewController.swift */; };
		57C4C8952850A92900A6711D /* CollectionViewTableViewCell.swift in Sources */ = {isa = PBXBuildFile; fileRef = 57C4C8942850A92900A6711D /* CollectionViewTableViewCell.swift */; };
		57C4C8972850B03D00A6711D /* HeroHeaderUIView.swift in Sources */ = {isa = PBXBuildFile; fileRef = 57C4C8962850B03D00A6711D /* HeroHeaderUIView.swift */; };
		57C4C8992850B82A00A6711D /* Extension.swift in Sources */ = {isa = PBXBuildFile; fileRef = 57C4C8982850B82A00A6711D /* Extension.swift */; };
		57C4C89B2850C27000A6711D /* APICaller.swift in Sources */ = {isa = PBXBuildFile; fileRef = 57C4C89A2850C27000A6711D /* APICaller.swift */; };
		57C4C89D2850CE9D00A6711D /* Title.swift in Sources */ = {isa = PBXBuildFile; fileRef = 57C4C89C2850CE9D00A6711D /* Title.swift */; };
		57C4C8A12850D87800A6711D /* TitleCollectionViewCell.swift in Sources */ = {isa = PBXBuildFile; fileRef = 57C4C8A02850D87800A6711D /* TitleCollectionViewCell.swift */; };
		57C4C8A42850D9A200A6711D /* SDWebImage in Frameworks */ = {isa = PBXBuildFile; productRef = 57C4C8A32850D9A200A6711D /* SDWebImage */; };
		57C4C8A62850D9A200A6711D /* SDWebImageMapKit in Frameworks */ = {isa = PBXBuildFile; productRef = 57C4C8A52850D9A200A6711D /* SDWebImageMapKit */; };
		57C4C8CC2851B69800A6711D /* TitleTableViewCell.swift in Sources */ = {isa = PBXBuildFile; fileRef = 57C4C8CB2851B69800A6711D /* TitleTableViewCell.swift */; };
		57C4C8CE2851B92400A6711D /* TitleViewModel.swift in Sources */ = {isa = PBXBuildFile; fileRef = 57C4C8CD2851B92400A6711D /* TitleViewModel.swift */; };
		57C4C8D02851C24300A6711D /* SearchResultsViewController.swift in Sources */ = {isa = PBXBuildFile; fileRef = 57C4C8CF2851C24300A6711D /* SearchResultsViewController.swift */; };
		57C4C8D22851D68D00A6711D /* YoutubeSearchResponse.swift in Sources */ = {isa = PBXBuildFile; fileRef = 57C4C8D12851D68D00A6711D /* YoutubeSearchResponse.swift */; };
		57C4C8D42851E55800A6711D /* TitlePreviewViewController.swift in Sources */ = {isa = PBXBuildFile; fileRef = 57C4C8D32851E55800A6711D /* TitlePreviewViewController.swift */; };
		57C4C8D62851E80600A6711D /* TitlePreviewViewModel.swift in Sources */ = {isa = PBXBuildFile; fileRef = 57C4C8D52851E80600A6711D /* TitlePreviewViewModel.swift */; };
/* End PBXBuildFile section */

/* Begin PBXFileReference section */
		57C4C86E2850A28C00A6711D /* NetflixSample.app */ = {isa = PBXFileReference; explicitFileType = wrapper.application; includeInIndex = 0; path = NetflixSample.app; sourceTree = BUILT_PRODUCTS_DIR; };
		57C4C8712850A28C00A6711D /* AppDelegate.swift */ = {isa = PBXFileReference; lastKnownFileType = sourcecode.swift; path = AppDelegate.swift; sourceTree = "<group>"; };
		57C4C8732850A28C00A6711D /* SceneDelegate.swift */ = {isa = PBXFileReference; lastKnownFileType = sourcecode.swift; path = SceneDelegate.swift; sourceTree = "<group>"; };
		57C4C8752850A28C00A6711D /* MainTabBarViewController.swift */ = {isa = PBXFileReference; lastKnownFileType = sourcecode.swift; path = MainTabBarViewController.swift; sourceTree = "<group>"; };
		57C4C87A2850A28E00A6711D /* Assets.xcassets */ = {isa = PBXFileReference; lastKnownFileType = folder.assetcatalog; path = Assets.xcassets; sourceTree = "<group>"; };
		57C4C87D2850A28E00A6711D /* Base */ = {isa = PBXFileReference; lastKnownFileType = file.storyboard; name = Base; path = Base.lproj/LaunchScreen.storyboard; sourceTree = "<group>"; };
		57C4C87F2850A28E00A6711D /* Info.plist */ = {isa = PBXFileReference; lastKnownFileType = text.plist.xml; path = Info.plist; sourceTree = "<group>"; };
		57C4C8862850A41C00A6711D /* HomeViewController.swift */ = {isa = PBXFileReference; lastKnownFileType = sourcecode.swift; path = HomeViewController.swift; sourceTree = "<group>"; };
		57C4C8882850A43B00A6711D /* UpcomingViewController.swift */ = {isa = PBXFileReference; lastKnownFileType = sourcecode.swift; path = UpcomingViewController.swift; sourceTree = "<group>"; };
		57C4C88B2850A48F00A6711D /* SearchViewController.swift */ = {isa = PBXFileReference; lastKnownFileType = sourcecode.swift; path = SearchViewController.swift; sourceTree = "<group>"; };
		57C4C88D2850A4BE00A6711D /* DownloadsViewController.swift */ = {isa = PBXFileReference; lastKnownFileType = sourcecode.swift; path = DownloadsViewController.swift; sourceTree = "<group>"; };
		57C4C8942850A92900A6711D /* CollectionViewTableViewCell.swift */ = {isa = PBXFileReference; lastKnownFileType = sourcecode.swift; path = CollectionViewTableViewCell.swift; sourceTree = "<group>"; };
		57C4C8962850B03D00A6711D /* HeroHeaderUIView.swift */ = {isa = PBXFileReference; lastKnownFileType = sourcecode.swift; path = HeroHeaderUIView.swift; sourceTree = "<group>"; };
		57C4C8982850B82A00A6711D /* Extension.swift */ = {isa = PBXFileReference; lastKnownFileType = sourcecode.swift; path = Extension.swift; sourceTree = "<group>"; };
		57C4C89A2850C27000A6711D /* APICaller.swift */ = {isa = PBXFileReference; lastKnownFileType = sourcecode.swift; path = APICaller.swift; sourceTree = "<group>"; };
		57C4C89C2850CE9D00A6711D /* Title.swift */ = {isa = PBXFileReference; lastKnownFileType = sourcecode.swift; path = Title.swift; sourceTree = "<group>"; };
		57C4C8A02850D87800A6711D /* TitleCollectionViewCell.swift */ = {isa = PBXFileReference; lastKnownFileType = sourcecode.swift; path = TitleCollectionViewCell.swift; sourceTree = "<group>"; };
		57C4C8CB2851B69800A6711D /* TitleTableViewCell.swift */ = {isa = PBXFileReference; lastKnownFileType = sourcecode.swift; path = TitleTableViewCell.swift; sourceTree = "<group>"; };
		57C4C8CD2851B92400A6711D /* TitleViewModel.swift */ = {isa = PBXFileReference; lastKnownFileType = sourcecode.swift; path = TitleViewModel.swift; sourceTree = "<group>"; };
		57C4C8CF2851C24300A6711D /* SearchResultsViewController.swift */ = {isa = PBXFileReference; lastKnownFileType = sourcecode.swift; path = SearchResultsViewController.swift; sourceTree = "<group>"; };
		57C4C8D12851D68D00A6711D /* YoutubeSearchResponse.swift */ = {isa = PBXFileReference; lastKnownFileType = sourcecode.swift; path = YoutubeSearchResponse.swift; sourceTree = "<group>"; };
		57C4C8D32851E55800A6711D /* TitlePreviewViewController.swift */ = {isa = PBXFileReference; lastKnownFileType = sourcecode.swift; path = TitlePreviewViewController.swift; sourceTree = "<group>"; };
		57C4C8D52851E80600A6711D /* TitlePreviewViewModel.swift */ = {isa = PBXFileReference; lastKnownFileType = sourcecode.swift; path = TitlePreviewViewModel.swift; sourceTree = "<group>"; };
/* End PBXFileReference section */

/* Begin PBXFrameworksBuildPhase section */
		57C4C86B2850A28C00A6711D /* Frameworks */ = {
			isa = PBXFrameworksBuildPhase;
			buildActionMask = 2147483647;
			files = (
				57C4C8A62850D9A200A6711D /* SDWebImageMapKit in Frameworks */,
				57C4C8A42850D9A200A6711D /* SDWebImage in Frameworks */,
			);
			runOnlyForDeploymentPostprocessing = 0;
		};
/* End PBXFrameworksBuildPhase section */

/* Begin PBXGroup section */
		57C4C8652850A28C00A6711D = {
			isa = PBXGroup;
			children = (
				57C4C8702850A28C00A6711D /* NetflixSample */,
				57C4C86F2850A28C00A6711D /* Products */,
			);
			sourceTree = "<group>";
		};
		57C4C86F2850A28C00A6711D /* Products */ = {
			isa = PBXGroup;
			children = (
				57C4C86E2850A28C00A6711D /* NetflixSample.app */,
			);
			name = Products;
			sourceTree = "<group>";
		};
		57C4C8702850A28C00A6711D /* NetflixSample */ = {
			isa = PBXGroup;
			children = (
				57C4C8932850A8EE00A6711D /* Managers */,
				57C4C88A2850A43F00A6711D /* Resources */,
				57C4C8922850A8C300A6711D /* Models */,
				57C4C8912850A8BA00A6711D /* Views */,
				57C4C8902850A8B100A6711D /* ViewModels */,
				57C4C8852850A40000A6711D /* Controllers */,
				57C4C87C2850A28E00A6711D /* LaunchScreen.storyboard */,
				57C4C87F2850A28E00A6711D /* Info.plist */,
			);
			path = NetflixSample;
			sourceTree = "<group>";
		};
		57C4C8852850A40000A6711D /* Controllers */ = {
			isa = PBXGroup;
			children = (
				57C4C8752850A28C00A6711D /* MainTabBarViewController.swift */,
				57C4C8862850A41C00A6711D /* HomeViewController.swift */,
				57C4C8882850A43B00A6711D /* UpcomingViewController.swift */,
				57C4C88B2850A48F00A6711D /* SearchViewController.swift */,
				57C4C88D2850A4BE00A6711D /* DownloadsViewController.swift */,
				57C4C8CF2851C24300A6711D /* SearchResultsViewController.swift */,
				57C4C8D32851E55800A6711D /* TitlePreviewViewController.swift */,
			);
			path = Controllers;
			sourceTree = "<group>";
		};
		57C4C88A2850A43F00A6711D /* Resources */ = {
			isa = PBXGroup;
			children = (
				57C4C8712850A28C00A6711D /* AppDelegate.swift */,
				57C4C8732850A28C00A6711D /* SceneDelegate.swift */,
				57C4C8982850B82A00A6711D /* Extension.swift */,
				57C4C87A2850A28E00A6711D /* Assets.xcassets */,
			);
			path = Resources;
			sourceTree = "<group>";
		};
		57C4C8902850A8B100A6711D /* ViewModels */ = {
			isa = PBXGroup;
			children = (
				57C4C8CD2851B92400A6711D /* TitleViewModel.swift */,
				57C4C8D52851E80600A6711D /* TitlePreviewViewModel.swift */,
			);
			path = ViewModels;
			sourceTree = "<group>";
		};
		57C4C8912850A8BA00A6711D /* Views */ = {
			isa = PBXGroup;
			children = (
				57C4C8942850A92900A6711D /* CollectionViewTableViewCell.swift */,
				57C4C8962850B03D00A6711D /* HeroHeaderUIView.swift */,
				57C4C8A02850D87800A6711D /* TitleCollectionViewCell.swift */,
				57C4C8CB2851B69800A6711D /* TitleTableViewCell.swift */,
			);
			path = Views;
			sourceTree = "<group>";
		};
		57C4C8922850A8C300A6711D /* Models */ = {
			isa = PBXGroup;
			children = (
				57C4C89C2850CE9D00A6711D /* Title.swift */,
				57C4C8D12851D68D00A6711D /* YoutubeSearchResponse.swift */,
			);
			path = Models;
			sourceTree = "<group>";
		};
		57C4C8932850A8EE00A6711D /* Managers */ = {
			isa = PBXGroup;
			children = (
				57C4C89A2850C27000A6711D /* APICaller.swift */,
			);
			path = Managers;
			sourceTree = "<group>";
		};
/* End PBXGroup section */

/* Begin PBXNativeTarget section */
		57C4C86D2850A28C00A6711D /* NetflixSample */ = {
			isa = PBXNativeTarget;
			buildConfigurationList = 57C4C8822850A28E00A6711D /* Build configuration list for PBXNativeTarget "NetflixSample" */;
			buildPhases = (
				57C4C86A2850A28C00A6711D /* Sources */,
				57C4C86B2850A28C00A6711D /* Frameworks */,
				57C4C86C2850A28C00A6711D /* Resources */,
			);
			buildRules = (
			);
			dependencies = (
			);
			name = NetflixSample;
			packageProductDependencies = (
				57C4C8A32850D9A200A6711D /* SDWebImage */,
				57C4C8A52850D9A200A6711D /* SDWebImageMapKit */,
			);
			productName = NetflixSample;
			productReference = 57C4C86E2850A28C00A6711D /* NetflixSample.app */;
			productType = "com.apple.product-type.application";
		};
/* End PBXNativeTarget section */

/* Begin PBXProject section */
		57C4C8662850A28C00A6711D /* Project object */ = {
			isa = PBXProject;
			attributes = {
				BuildIndependentTargetsInParallel = 1;
				LastSwiftUpdateCheck = 1330;
				LastUpgradeCheck = 1330;
				TargetAttributes = {
					57C4C86D2850A28C00A6711D = {
						CreatedOnToolsVersion = 13.3.1;
					};
				};
			};
			buildConfigurationList = 57C4C8692850A28C00A6711D /* Build configuration list for PBXProject "NetflixSample" */;
			compatibilityVersion = "Xcode 13.0";
			developmentRegion = en;
			hasScannedForEncodings = 0;
			knownRegions = (
				en,
				Base,
			);
			mainGroup = 57C4C8652850A28C00A6711D;
			packageReferences = (
				57C4C8A22850D9A200A6711D /* XCRemoteSwiftPackageReference "SDWebImage" */,
			);
			productRefGroup = 57C4C86F2850A28C00A6711D /* Products */;
			projectDirPath = "";
			projectRoot = "";
			targets = (
				57C4C86D2850A28C00A6711D /* NetflixSample */,
			);
		};
/* End PBXProject section */

/* Begin PBXResourcesBuildPhase section */
		57C4C86C2850A28C00A6711D /* Resources */ = {
			isa = PBXResourcesBuildPhase;
			buildActionMask = 2147483647;
			files = (
				57C4C87E2850A28E00A6711D /* LaunchScreen.storyboard in Resources */,
				57C4C87B2850A28E00A6711D /* Assets.xcassets in Resources */,
			);
			runOnlyForDeploymentPostprocessing = 0;
		};
/* End PBXResourcesBuildPhase section */

/* Begin PBXSourcesBuildPhase section */
		57C4C86A2850A28C00A6711D /* Sources */ = {
			isa = PBXSourcesBuildPhase;
			buildActionMask = 2147483647;
			files = (
				57C4C8CC2851B69800A6711D /* TitleTableViewCell.swift in Sources */,
				57C4C88C2850A48F00A6711D /* SearchViewController.swift in Sources */,
				57C4C8A12850D87800A6711D /* TitleCollectionViewCell.swift in Sources */,
				57C4C8892850A43B00A6711D /* UpcomingViewController.swift in Sources */,
				57C4C89D2850CE9D00A6711D /* Title.swift in Sources */,
				57C4C8952850A92900A6711D /* CollectionViewTableViewCell.swift in Sources */,
				57C4C8972850B03D00A6711D /* HeroHeaderUIView.swift in Sources */,
				57C4C88E2850A4BE00A6711D /* DownloadsViewController.swift in Sources */,
				57C4C8992850B82A00A6711D /* Extension.swift in Sources */,
				57C4C8D02851C24300A6711D /* SearchResultsViewController.swift in Sources */,
				57C4C8762850A28C00A6711D /* MainTabBarViewController.swift in Sources */,
				57C4C8D22851D68D00A6711D /* YoutubeSearchResponse.swift in Sources */,
				57C4C8722850A28C00A6711D /* AppDelegate.swift in Sources */,
				57C4C8D62851E80600A6711D /* TitlePreviewViewModel.swift in Sources */,
				57C4C89B2850C27000A6711D /* APICaller.swift in Sources */,
				57C4C8D42851E55800A6711D /* TitlePreviewViewController.swift in Sources */,
				57C4C8742850A28C00A6711D /* SceneDelegate.swift in Sources */,
				57C4C8872850A41C00A6711D /* HomeViewController.swift in Sources */,
				57C4C8CE2851B92400A6711D /* TitleViewModel.swift in Sources */,
			);
			runOnlyForDeploymentPostprocessing = 0;
		};
/* End PBXSourcesBuildPhase section */

/* Begin PBXVariantGroup section */
		57C4C87C2850A28E00A6711D /* LaunchScreen.storyboard */ = {
			isa = PBXVariantGroup;
			children = (
				57C4C87D2850A28E00A6711D /* Base */,
			);
			name = LaunchScreen.storyboard;
			sourceTree = "<group>";
		};
/* End PBXVariantGroup section */

/* Begin XCBuildConfiguration section */
		57C4C8802850A28E00A6711D /* Debug */ = {
			isa = XCBuildConfiguration;
			buildSettings = {
				ALWAYS_SEARCH_USER_PATHS = NO;
				CLANG_ANALYZER_NONNULL = YES;
				CLANG_ANALYZER_NUMBER_OBJECT_CONVERSION = YES_AGGRESSIVE;
				CLANG_CXX_LANGUAGE_STANDARD = "gnu++17";
				CLANG_ENABLE_MODULES = YES;
				CLANG_ENABLE_OBJC_ARC = YES;
				CLANG_ENABLE_OBJC_WEAK = YES;
				CLANG_WARN_BLOCK_CAPTURE_AUTORELEASING = YES;
				CLANG_WARN_BOOL_CONVERSION = YES;
				CLANG_WARN_COMMA = YES;
				CLANG_WARN_CONSTANT_CONVERSION = YES;
				CLANG_WARN_DEPRECATED_OBJC_IMPLEMENTATIONS = YES;
				CLANG_WARN_DIRECT_OBJC_ISA_USAGE = YES_ERROR;
				CLANG_WARN_DOCUMENTATION_COMMENTS = YES;
				CLANG_WARN_EMPTY_BODY = YES;
				CLANG_WARN_ENUM_CONVERSION = YES;
				CLANG_WARN_INFINITE_RECURSION = YES;
				CLANG_WARN_INT_CONVERSION = YES;
				CLANG_WARN_NON_LITERAL_NULL_CONVERSION = YES;
				CLANG_WARN_OBJC_IMPLICIT_RETAIN_SELF = YES;
				CLANG_WARN_OBJC_LITERAL_CONVERSION = YES;
				CLANG_WARN_OBJC_ROOT_CLASS = YES_ERROR;
				CLANG_WARN_QUOTED_INCLUDE_IN_FRAMEWORK_HEADER = YES;
				CLANG_WARN_RANGE_LOOP_ANALYSIS = YES;
				CLANG_WARN_STRICT_PROTOTYPES = YES;
				CLANG_WARN_SUSPICIOUS_MOVE = YES;
				CLANG_WARN_UNGUARDED_AVAILABILITY = YES_AGGRESSIVE;
				CLANG_WARN_UNREACHABLE_CODE = YES;
				CLANG_WARN__DUPLICATE_METHOD_MATCH = YES;
				COPY_PHASE_STRIP = NO;
				DEBUG_INFORMATION_FORMAT = dwarf;
				ENABLE_STRICT_OBJC_MSGSEND = YES;
				ENABLE_TESTABILITY = YES;
				GCC_C_LANGUAGE_STANDARD = gnu11;
				GCC_DYNAMIC_NO_PIC = NO;
				GCC_NO_COMMON_BLOCKS = YES;
				GCC_OPTIMIZATION_LEVEL = 0;
				GCC_PREPROCESSOR_DEFINITIONS = (
					"DEBUG=1",
					"$(inherited)",
				);
				GCC_WARN_64_TO_32_BIT_CONVERSION = YES;
				GCC_WARN_ABOUT_RETURN_TYPE = YES_ERROR;
				GCC_WARN_UNDECLARED_SELECTOR = YES;
				GCC_WARN_UNINITIALIZED_AUTOS = YES_AGGRESSIVE;
				GCC_WARN_UNUSED_FUNCTION = YES;
				GCC_WARN_UNUSED_VARIABLE = YES;
				IPHONEOS_DEPLOYMENT_TARGET = 15.4;
				MTL_ENABLE_DEBUG_INFO = INCLUDE_SOURCE;
				MTL_FAST_MATH = YES;
				ONLY_ACTIVE_ARCH = YES;
				SDKROOT = iphoneos;
				SWIFT_ACTIVE_COMPILATION_CONDITIONS = DEBUG;
				SWIFT_OPTIMIZATION_LEVEL = "-Onone";
			};
			name = Debug;
		};
		57C4C8812850A28E00A6711D /* Release */ = {
			isa = XCBuildConfiguration;
			buildSettings = {
				ALWAYS_SEARCH_USER_PATHS = NO;
				CLANG_ANALYZER_NONNULL = YES;
				CLANG_ANALYZER_NUMBER_OBJECT_CONVERSION = YES_AGGRESSIVE;
				CLANG_CXX_LANGUAGE_STANDARD = "gnu++17";
				CLANG_ENABLE_MODULES = YES;
				CLANG_ENABLE_OBJC_ARC = YES;
				CLANG_ENABLE_OBJC_WEAK = YES;
				CLANG_WARN_BLOCK_CAPTURE_AUTORELEASING = YES;
				CLANG_WARN_BOOL_CONVERSION = YES;
				CLANG_WARN_COMMA = YES;
				CLANG_WARN_CONSTANT_CONVERSION = YES;
				CLANG_WARN_DEPRECATED_OBJC_IMPLEMENTATIONS = YES;
				CLANG_WARN_DIRECT_OBJC_ISA_USAGE = YES_ERROR;
				CLANG_WARN_DOCUMENTATION_COMMENTS = YES;
				CLANG_WARN_EMPTY_BODY = YES;
				CLANG_WARN_ENUM_CONVERSION = YES;
				CLANG_WARN_INFINITE_RECURSION = YES;
				CLANG_WARN_INT_CONVERSION = YES;
				CLANG_WARN_NON_LITERAL_NULL_CONVERSION = YES;
				CLANG_WARN_OBJC_IMPLICIT_RETAIN_SELF = YES;
				CLANG_WARN_OBJC_LITERAL_CONVERSION = YES;
				CLANG_WARN_OBJC_ROOT_CLASS = YES_ERROR;
				CLANG_WARN_QUOTED_INCLUDE_IN_FRAMEWORK_HEADER = YES;
				CLANG_WARN_RANGE_LOOP_ANALYSIS = YES;
				CLANG_WARN_STRICT_PROTOTYPES = YES;
				CLANG_WARN_SUSPICIOUS_MOVE = YES;
				CLANG_WARN_UNGUARDED_AVAILABILITY = YES_AGGRESSIVE;
				CLANG_WARN_UNREACHABLE_CODE = YES;
				CLANG_WARN__DUPLICATE_METHOD_MATCH = YES;
				COPY_PHASE_STRIP = NO;
				DEBUG_INFORMATION_FORMAT = "dwarf-with-dsym";
				ENABLE_NS_ASSERTIONS = NO;
				ENABLE_STRICT_OBJC_MSGSEND = YES;
				GCC_C_LANGUAGE_STANDARD = gnu11;
				GCC_NO_COMMON_BLOCKS = YES;
				GCC_WARN_64_TO_32_BIT_CONVERSION = YES;
				GCC_WARN_ABOUT_RETURN_TYPE = YES_ERROR;
				GCC_WARN_UNDECLARED_SELECTOR = YES;
				GCC_WARN_UNINITIALIZED_AUTOS = YES_AGGRESSIVE;
				GCC_WARN_UNUSED_FUNCTION = YES;
				GCC_WARN_UNUSED_VARIABLE = YES;
				IPHONEOS_DEPLOYMENT_TARGET = 15.4;
				MTL_ENABLE_DEBUG_INFO = NO;
				MTL_FAST_MATH = YES;
				SDKROOT = iphoneos;
				SWIFT_COMPILATION_MODE = wholemodule;
				SWIFT_OPTIMIZATION_LEVEL = "-O";
				VALIDATE_PRODUCT = YES;
			};
			name = Release;
		};
		57C4C8832850A28E00A6711D /* Debug */ = {
			isa = XCBuildConfiguration;
			buildSettings = {
				ASSETCATALOG_COMPILER_APPICON_NAME = AppIcon;
				ASSETCATALOG_COMPILER_GLOBAL_ACCENT_COLOR_NAME = AccentColor;
				CODE_SIGN_STYLE = Automatic;
				CURRENT_PROJECT_VERSION = 1;
				DEVELOPMENT_TEAM = 85M8N8XJAT;
				GENERATE_INFOPLIST_FILE = YES;
				INFOPLIST_FILE = NetflixSample/Info.plist;
				INFOPLIST_KEY_CFBundleDisplayName = Netflix;
				INFOPLIST_KEY_UIApplicationSupportsIndirectInputEvents = YES;
				INFOPLIST_KEY_UILaunchStoryboardName = LaunchScreen;
				INFOPLIST_KEY_UISupportedInterfaceOrientations_iPad = "UIInterfaceOrientationPortrait UIInterfaceOrientationPortraitUpsideDown UIInterfaceOrientationLandscapeLeft UIInterfaceOrientationLandscapeRight";
				INFOPLIST_KEY_UISupportedInterfaceOrientations_iPhone = "UIInterfaceOrientationPortrait UIInterfaceOrientationLandscapeLeft UIInterfaceOrientationLandscapeRight";
				LD_RUNPATH_SEARCH_PATHS = (
					"$(inherited)",
					"@executable_path/Frameworks",
				);
				MARKETING_VERSION = 1.0;
				PRODUCT_BUNDLE_IDENTIFIER = Anies1212noApp.NetflixSample;
				PRODUCT_NAME = "$(TARGET_NAME)";
				SWIFT_EMIT_LOC_STRINGS = YES;
				SWIFT_VERSION = 5.0;
				TARGETED_DEVICE_FAMILY = "1,2";
			};
			name = Debug;
		};
		57C4C8842850A28E00A6711D /* Release */ = {
			isa = XCBuildConfiguration;
			buildSettings = {
				ASSETCATALOG_COMPILER_APPICON_NAME = AppIcon;
				ASSETCATALOG_COMPILER_GLOBAL_ACCENT_COLOR_NAME = AccentColor;
				CODE_SIGN_STYLE = Automatic;
				CURRENT_PROJECT_VERSION = 1;
				DEVELOPMENT_TEAM = 85M8N8XJAT;
				GENERATE_INFOPLIST_FILE = YES;
				INFOPLIST_FILE = NetflixSample/Info.plist;
				INFOPLIST_KEY_CFBundleDisplayName = Netflix;
				INFOPLIST_KEY_UIApplicationSupportsIndirectInputEvents = YES;
				INFOPLIST_KEY_UILaunchStoryboardName = LaunchScreen;
				INFOPLIST_KEY_UISupportedInterfaceOrientations_iPad = "UIInterfaceOrientationPortrait UIInterfaceOrientationPortraitUpsideDown UIInterfaceOrientationLandscapeLeft UIInterfaceOrientationLandscapeRight";
				INFOPLIST_KEY_UISupportedInterfaceOrientations_iPhone = "UIInterfaceOrientationPortrait UIInterfaceOrientationLandscapeLeft UIInterfaceOrientationLandscapeRight";
				LD_RUNPATH_SEARCH_PATHS = (
					"$(inherited)",
					"@executable_path/Frameworks",
				);
				MARKETING_VERSION = 1.0;
				PRODUCT_BUNDLE_IDENTIFIER = Anies1212noApp.NetflixSample;
				PRODUCT_NAME = "$(TARGET_NAME)";
				SWIFT_EMIT_LOC_STRINGS = YES;
				SWIFT_VERSION = 5.0;
				TARGETED_DEVICE_FAMILY = "1,2";
			};
			name = Release;
		};
/* End XCBuildConfiguration section */

/* Begin XCConfigurationList section */
		57C4C8692850A28C00A6711D /* Build configuration list for PBXProject "NetflixSample" */ = {
			isa = XCConfigurationList;
			buildConfigurations = (
				57C4C8802850A28E00A6711D /* Debug */,
				57C4C8812850A28E00A6711D /* Release */,
			);
			defaultConfigurationIsVisible = 0;
			defaultConfigurationName = Release;
		};
		57C4C8822850A28E00A6711D /* Build configuration list for PBXNativeTarget "NetflixSample" */ = {
			isa = XCConfigurationList;
			buildConfigurations = (
				57C4C8832850A28E00A6711D /* Debug */,
				57C4C8842850A28E00A6711D /* Release */,
			);
			defaultConfigurationIsVisible = 0;
			defaultConfigurationName = Release;
		};
/* End XCConfigurationList section */

/* Begin XCRemoteSwiftPackageReference section */
		57C4C8A22850D9A200A6711D /* XCRemoteSwiftPackageReference "SDWebImage" */ = {
			isa = XCRemoteSwiftPackageReference;
			repositoryURL = "https://github.com/SDWebImage/SDWebImage.git";
			requirement = {
				branch = master;
				kind = branch;
			};
		};
/* End XCRemoteSwiftPackageReference section */

/* Begin XCSwiftPackageProductDependency section */
		57C4C8A32850D9A200A6711D /* SDWebImage */ = {
			isa = XCSwiftPackageProductDependency;
			package = 57C4C8A22850D9A200A6711D /* XCRemoteSwiftPackageReference "SDWebImage" */;
			productName = SDWebImage;
		};
		57C4C8A52850D9A200A6711D /* SDWebImageMapKit */ = {
			isa = XCSwiftPackageProductDependency;
			package = 57C4C8A22850D9A200A6711D /* XCRemoteSwiftPackageReference "SDWebImage" */;
			productName = SDWebImageMapKit;
		};
/* End XCSwiftPackageProductDependency section */
	};
	rootObject = 57C4C8662850A28C00A6711D /* Project object */;
}
